
Microsoft Visual Studio Solution File, Format Version 12.00
# Visual Studio Version 17
VisualStudioVersion = 17.5.002.0
MinimumVisualStudioVersion = 10.0.40219.1
Project("{9A19103F-16F7-4668-BE54-9A1E7A4F7556}") = "LAB4consoleApp", "LAB4consoleApp\LAB4consoleApp.csproj", "{4B44D7DA-6C84-4AC3-B223-98F2A124A774}"
EndProject
Global
	GlobalSection(SolutionConfigurationPlatforms) = preSolution
		Debug|Any CPU = Debug|Any CPU
		Release|Any CPU = Release|Any CPU
	EndGlobalSection
	GlobalSection(ProjectConfigurationPlatforms) = postSolution
		{4B44D7DA-6C84-4AC3-B223-98F2A124A774}.Debug|Any CPU.ActiveCfg = Debug|Any CPU
		{4B44D7DA-6C84-4AC3-B223-98F2A124A774}.Debug|Any CPU.Build.0 = Debug|Any CPU
		{4B44D7DA-6C84-4AC3-B223-98F2A124A774}.Release|Any CPU.ActiveCfg = Release|Any CPU
		{4B44D7DA-6C84-4AC3-B223-98F2A124A774}.Release|Any CPU.Build.0 = Release|Any CPU
	EndGlobalSection
	GlobalSection(SolutionProperties) = preSolution
		HideSolutionNode = FALSE
	EndGlobalSection
	GlobalSection(ExtensibilityGlobals) = postSolution
		SolutionGuid = {424B54CD-B61E-463E-9532-5F9260E8A4F1}
	EndGlobalSection
EndGlobal
